
Microsoft Visual Studio Solution File, Format Version 12.00
# Visual Studio Version 16
VisualStudioVersion = 16.0.30225.117
MinimumVisualStudioVersion = 10.0.40219.1
Project("{FAE04EC0-301F-11D3-BF4B-00C04F79EFBC}") = "MovieCodeFirst", "MovieCodeFirst\MovieCodeFirst.csproj", "{896E2D1D-AF46-4866-A4E1-B5CA3AAE0549}"
EndProject
Global
	GlobalSection(SolutionConfigurationPlatforms) = preSolution
		Debug|Any CPU = Debug|Any CPU
		Release|Any CPU = Release|Any CPU
	EndGlobalSection
	GlobalSection(ProjectConfigurationPlatforms) = postSolution
		{896E2D1D-AF46-4866-A4E1-B5CA3AAE0549}.Debug|Any CPU.ActiveCfg = Debug|Any CPU
		{896E2D1D-AF46-4866-A4E1-B5CA3AAE0549}.Debug|Any CPU.Build.0 = Debug|Any CPU
		{896E2D1D-AF46-4866-A4E1-B5CA3AAE0549}.Release|Any CPU.ActiveCfg = Release|Any CPU
		{896E2D1D-AF46-4866-A4E1-B5CA3AAE0549}.Release|Any CPU.Build.0 = Release|Any CPU
	EndGlobalSection
	GlobalSection(SolutionProperties) = preSolution
		HideSolutionNode = FALSE
	EndGlobalSection
	GlobalSection(ExtensibilityGlobals) = postSolution
		SolutionGuid = {6BA10CF7-53DA-4388-A4B6-52F1B9720E2C}
	EndGlobalSection
EndGlobal
